# This file was autogenerated by uv via the following command:
#    uv pip compile services/thumbnailer/requirements.txt --generate-hashes --output-file services/thumbnailer/requirements.lock --cache-dir /tmp/lolcatz-uv-cache
blinker==1.9.0 \
    --hash=sha256:b4ce2265a7abece45e7cc896e98dbebe6cead56bcf805a3d23136d145f5445bf \
    --hash=sha256:ba0efaa9080b619ff2f3459d1d500c57bddea4a6b424b60a91141db6fd2f08bc
    # via flask
boto3==1.35.93 \
    --hash=sha256:2446e819cf4e295833474cdcf2c92bc82718ce537e9ee1f17f7e3d237f60e69b \
    --hash=sha256:7de2c44c960e486f3c57e5203ea6393c6c4f0914c5f81c789ceb8b5d2ba5d1c5
    # via -r services/thumbnailer/requirements.txt
botocore==1.35.99 \
    --hash=sha256:1eab44e969c39c5f3d9a3104a0836c24715579a455f12b3979a31d7cde51b3c3 \
    --hash=sha256:b22d27b6b617fc2d7342090d6129000af2efd20174215948c0d7ae2da0fab445
    # via
    #   boto3
    #   s3transfer
cheroot==11.1.2 \
    --hash=sha256:0f6c0ba05c00fbc869fb46b1de4ec2384e1d85418ae963d3bc10ae83b688dbfa \
    --hash=sha256:bfb70c49663f63b0440f2b54dbc6b0d1650e56dfe4e2641f59b2c6f727b44aca
    # via -r services/thumbnailer/requirements.txt
click==8.5.0 \
    --hash=sha256:255bc9599cf7748b4b1a446ccc735421bd08a2ae529a8b88597d3de5664ee360 \
    --hash=sha256:ba0d2089de75ea0310e2dde03160e6ca10009947fb95a182f9b54021bb272e34
    # via flask
confluent-kafka==2.6.1 \
    --hash=sha256:0c2b63f7f764dc504296a8a474a3f09e408a456626cf938635eb31f59cac59fa \
    --hash=sha256:150735910da42c44f7fa21ad96e3ae0f52df34066f163d3f544001a64ea776d2 \
    --hash=sha256:15af5ae70c9376aba62462f20dbc846364a41f6ae4071baac36a3adb44ec29bb \
    --hash=sha256:24cc1833658a93b727337fc31088f4e7d04fdc8e73eae3f946ecae0308737822 \
    --hash=sha256:2584812d8834932e194929544d09325dd09039223aced7ab09095ffd4e96a1ca \
    --hash=sha256:298aa323eb8507862ccfa619367667b41ab76ddf3657e8a45dafe4b270208257 \
    --hash=sha256:44d8d1bb3ffaba84f2e169614651662fb57c3645c50f88effb653d76149ac18e \
    --hash=sha256:56473c3e8189b63fceae42569c31e339d0b9a4aac2fb3d38f744400837251857 \
    --hash=sha256:65cb90cf046e649fd68414fb45b3c9b0db28b4f051474db78ebca527190fb246 \
    --hash=sha256:71fdab0f65ccdb00eff0f14ccde65723ebbd20392723f8c1e87e5d8ab29e50cf \
    --hash=sha256:7670bf37fb46892a070f4b191edfe43d8564aa29446c80ddb32a95d183905086 \
    --hash=sha256:802af9c60c1c0e068adfc73a10322f9d9d9260f508978ebe853cd6d1e8d6f4ef \
    --hash=sha256:832f17bc8568bdec1823a46ebe66e0ccbffbb0f5917f8ed6226258186aed9bae \
    --hash=sha256:8c38bf716dbf99bd0e84ba867417e397c4d544d37a530b28df6cadd227a57f98 \
    --hash=sha256:8fef7efc866e12db75060d3ec7b74cd6cf5322d8bf72267f1e3204a98ee6b75b \
    --hash=sha256:90853bbf466c57e0295076549b9b3b9cb6ab9447965977f3cde7f0790c39b5d6 \
    --hash=sha256:93e02a8fa4152355b95cd1d6fc82b987f318ca591439dace481d818ad2237ad5 \
    --hash=sha256:98cd678cc955cc3ab88b10823ef01aab2937f9d5ff0cba85abe5a5de11696159 \
    --hash=sha256:a21b712b17362fd0602faa87c4363bd604f271ca62076bcf2d83ca91d2bd62c2 \
    --hash=sha256:a5062f24f3af27f6edd63cb71a663144de09dd3249647c80c4aec9655a0ea1dd \
    --hash=sha256:a6cea569aa1fb7171b59f87edaf000d40fe0f92f9722d107230a6338fbd20f61 \
    --hash=sha256:a6d3f65f6df9bdeeafd3de206159c0d0c529e17c89c839376df39af029ba1260 \
    --hash=sha256:ac80ae38a3f44103191cd30177f2871ba6af26ca7511f496cf25f0962eccc523 \
    --hash=sha256:b17da915fc35b1bef49d599f685656f65f379094dbbc7aafc5ede1843cc72699 \
    --hash=sha256:b5e22e09c7316b25c262e45aaffbf254605ebc1bcf0e8ec1fc77b941065acde9 \
    --hash=sha256:b615cd8d35c94bed594bfc0905cf9d5e83f8be1ff49902898b29896748015394 \
    --hash=sha256:c41b8461958690aa35ceb5619cf910c664535fb395a8f331998c74760d51e1d1 \
    --hash=sha256:cc22c426e2b87b92a93b4acd6c762a8cea3fae529ca0b1ba80165b358e041604 \
    --hash=sha256:d250199230fdb90eeb48313ed5ca3526ec7a1f30a67c1ae1a98b4d98316172bc \
    --hash=sha256:db46641c7a48cc998900c4e85778c4ea838d2b940433948831deae0d883945f3 \
    --hash=sha256:dc2ad05ad5283cf9280b64949ed1f83a7201c70ce22f262a8f1939d384e45bed \
    --hash=sha256:e1f54816890249316b47a5d479041311445c2829cf71967e2abbc2a5581b06e0 \
    --hash=sha256:e4294ff4e9031a31f2cb807e284aedbf988e49a27bfe90dec35aad9f8e07db9e \
    --hash=sha256:efc94016d3b438f0af2ddd3f5a8fb293616fda296644f341161033b24282b23d \
    --hash=sha256:fd2b97770525e1e181fab64f715c21593cc5e3ac858d71300de9a45e8453e31c
    # via -r services/thumbnailer/requirements.txt
flask==3.1.3 \
    --hash=sha256:0ef0e52b8a9cd932855379197dd8f94047b359ca0a78695144304cb45f87c9eb \
    --hash=sha256:f4bcbefc124291925f1a26446da31a5178f9483862233b23c0c96a20701f670c
    # via -r services/thumbnailer/requirements.txt
itsdangerous==2.2.0 \
    --hash=sha256:c6242fc49e35958c8b15141343aa660db5fc54d4f13a1db01a3f5891b98700ef \
    --hash=sha256:e0050c0b7da1eea53ffaf149c0cfbb5c6e2e2b69c4bef22c81fa6eb73e5f6173
    # via flask
jaraco-functools==4.6.0 \
    --hash=sha256:880c577ec9720b3a052d5bc611fb9f2269b3d87902ef42440df443b88e443280 \
    --hash=sha256:99e3dc0060c5cbe8fcd1cdb36258e2a65ca40f1566b2033b12abb1bb44dd3c30
    # via cheroot
jinja2==3.1.6 \
    --hash=sha256:0137fb05990d35f1275a587e9aee6d56da821fc83491a0fb838183be43f66d6d \
    --hash=sha256:85ece4451f492d0c13c5dd7c13a64681a86afae63a5f347908daf103ce6d2f67
    # via flask
jmespath==1.1.0 \
    --hash=sha256:472c87d80f36026ae83c6ddd0f1d05d4e510134ed462851fd5f754c8c3cbb88d \
    --hash=sha256:a5663118de4908c91729bea0acadca56526eb2698e83de10cd116ae0f4e97c64
    # via
    #   boto3
    #   botocore
markupsafe==3.0.3 \
    --hash=sha256:0303439a41979d9e74d18ff5e2dd8c43ed6c6001fd40e5bf2e43f7bd9bbc523f \
    --hash=sha256:068f375c472b3e7acbe2d5318dea141359e6900156b5b2ba06a30b169086b91a \
    --hash=sha256:0bf2a864d67e76e5c9a34dc26ec616a66b9888e25e7b9460e1c76d3293bd9dbf \
    --hash=sha256:0db14f5dafddbb6d9208827849fad01f1a2609380add406671a26386cdf15a19 \
    --hash=sha256:0eb9ff8191e8498cca014656ae6b8d61f39da5f95b488805da4bb029cccbfbaf \
    --hash=sha256:0f4b68347f8c5eab4a13419215bdfd7f8c9b19f2b25520968adfad23eb0ce60c \
    --hash=sha256:1085e7fbddd3be5f89cc898938f42c0b3c711fdcb37d75221de2666af647c175 \
    --hash=sha256:116bb52f642a37c115f517494ea5feb03889e04df47eeff5b130b1808ce7c219 \
    --hash=sha256:12c63dfb4a98206f045aa9563db46507995f7ef6d83b2f68eda65c307c6829eb \
    --hash=sha256:133a43e73a802c5562be9bbcd03d090aa5a1fe899db609c29e8c8d815c5f6de6 \
    --hash=sha256:1353ef0c1b138e1907ae78e2f6c63ff67501122006b0f9abad68fda5f4ffc6ab \
    --hash=sha256:15d939a21d546304880945ca1ecb8a039db6b4dc49b2c5a400387cdae6a62e26 \
    --hash=sha256:177b5253b2834fe3678cb4a5f0059808258584c559193998be2601324fdeafb1 \
    --hash=sha256:1872df69a4de6aead3491198eaf13810b565bdbeec3ae2dc8780f14458ec73ce \
    --hash=sha256:1b4b79e8ebf6b55351f0d91fe80f893b4743f104bff22e90697db1590e47a218 \
    --hash=sha256:1b52b4fb9df4eb9ae465f8d0c228a00624de2334f216f178a995ccdcf82c4634 \
    --hash=sha256:1ba88449deb3de88bd40044603fafffb7bc2b055d626a330323a9ed736661695 \
    --hash=sha256:1cc7ea17a6824959616c525620e387f6dd30fec8cb44f649e31712db02123dad \
    --hash=sha256:218551f6df4868a8d527e3062d0fb968682fe92054e89978594c28e642c43a73 \
    --hash=sha256:26a5784ded40c9e318cfc2bdb30fe164bdb8665ded9cd64d500a34fb42067b1c \
    --hash=sha256:2713baf880df847f2bece4230d4d094280f4e67b1e813eec43b4c0e144a34ffe \
    --hash=sha256:2a15a08b17dd94c53a1da0438822d70ebcd13f8c3a95abe3a9ef9f11a94830aa \
    --hash=sha256:2f981d352f04553a7171b8e44369f2af4055f888dfb147d55e42d29e29e74559 \
    --hash=sha256:32001d6a8fc98c8cb5c947787c5d08b0a50663d139f1305bac5885d98d9b40fa \
    --hash=sha256:3524b778fe5cfb3452a09d31e7b5adefeea8c5be1d43c4f810ba09f2ceb29d37 \
    --hash=sha256:3537e01efc9d4dccdf77221fb1cb3b8e1a38d5428920e0657ce299b20324d758 \
    --hash=sha256:35add3b638a5d900e807944a078b51922212fb3dedb01633a8defc4b01a3c85f \
    --hash=sha256:38664109c14ffc9e7437e86b4dceb442b0096dfe3541d7864d9cbe1da4cf36c8 \
    --hash=sha256:3a7e8ae81ae39e62a41ec302f972ba6ae23a5c5396c8e60113e9066ef893da0d \
    --hash=sha256:3b562dd9e9ea93f13d53989d23a7e775fdfd1066c33494ff43f5418bc8c58a5c \
    --hash=sha256:457a69a9577064c05a97c41f4e65148652db078a3a509039e64d3467b9e7ef97 \
    --hash=sha256:4bd4cd07944443f5a265608cc6aab442e4f74dff8088b0dfc8238647b8f6ae9a \
    --hash=sha256:4e885a3d1efa2eadc93c894a21770e4bc67899e3543680313b09f139e149ab19 \
    --hash=sha256:4faffd047e07c38848ce017e8725090413cd80cbc23d86e55c587bf979e579c9 \
    --hash=sha256:509fa21c6deb7a7a273d629cf5ec029bc209d1a51178615ddf718f5918992ab9 \
    --hash=sha256:5678211cb9333a6468fb8d8be0305520aa073f50d17f089b5b4b477ea6e67fdc \
    --hash=sha256:591ae9f2a647529ca990bc681daebdd52c8791ff06c2bfa05b65163e28102ef2 \
    --hash=sha256:5a7d5dc5140555cf21a6fefbdbf8723f06fcd2f63ef108f2854de715e4422cb4 \
    --hash=sha256:69c0b73548bc525c8cb9a251cddf1931d1db4d2258e9599c28c07ef3580ef354 \
    --hash=sha256:6b5420a1d9450023228968e7e6a9ce57f65d148ab56d2313fcd589eee96a7a50 \
    --hash=sha256:722695808f4b6457b320fdc131280796bdceb04ab50fe1795cd540799ebe1698 \
    --hash=sha256:729586769a26dbceff69f7a7dbbf59ab6572b99d94576a5592625d5b411576b9 \
    --hash=sha256:77f0643abe7495da77fb436f50f8dab76dbc6e5fd25d39589a0f1fe6548bfa2b \
    --hash=sha256:795e7751525cae078558e679d646ae45574b47ed6e7771863fcc079a6171a0fc \
    --hash=sha256:7be7b61bb172e1ed687f1754f8e7484f1c8019780f6f6b0786e76bb01c2ae115 \
    --hash=sha256:7c3fb7d25180895632e5d3148dbdc29ea38ccb7fd210aa27acbd1201a1902c6e \
    --hash=sha256:7e68f88e5b8799aa49c85cd116c932a1ac15caaa3f5db09087854d218359e485 \
    --hash=sha256:83891d0e9fb81a825d9a6d61e3f07550ca70a076484292a70fde82c4b807286f \
    --hash=sha256:8485f406a96febb5140bfeca44a73e3ce5116b2501ac54fe953e488fb1d03b12 \
    --hash=sha256:8709b08f4a89aa7586de0aadc8da56180242ee0ada3999749b183aa23df95025 \
    --hash=sha256:8f71bc33915be5186016f675cd83a1e08523649b0e33efdb898db577ef5bb009 \
    --hash=sha256:915c04ba3851909ce68ccc2b8e2cd691618c4dc4c4232fb7982bca3f41fd8c3d \
    --hash=sha256:949b8d66bc381ee8b007cd945914c721d9aba8e27f71959d750a46f7c282b20b \
    --hash=sha256:94c6f0bb423f739146aec64595853541634bde58b2135f27f61c1ffd1cd4d16a \
    --hash=sha256:9a1abfdc021a164803f4d485104931fb8f8c1efd55bc6b748d2f5774e78b62c5 \
    --hash=sha256:9b79b7a16f7fedff2495d684f2b59b0457c3b493778c9eed31111be64d58279f \
    --hash=sha256:a320721ab5a1aba0a233739394eb907f8c8da5c98c9181d1161e77a0c8e36f2d \
    --hash=sha256:a4afe79fb3de0b7097d81da19090f4df4f8d3a2b3adaa8764138aac2e44f3af1 \
    --hash=sha256:ad2cf8aa28b8c020ab2fc8287b0f823d0a7d8630784c31e9ee5edea20f406287 \
    --hash=sha256:b8512a91625c9b3da6f127803b166b629725e68af71f8184ae7e7d54686a56d6 \
    --hash=sha256:bc51efed119bc9cfdf792cdeaa4d67e8f6fcccab66ed4bfdd6bde3e59bfcbb2f \
    --hash=sha256:bdc919ead48f234740ad807933cdf545180bfbe9342c2bb451556db2ed958581 \
    --hash=sha256:bdd37121970bfd8be76c5fb069c7751683bdf373db1ed6c010162b2a130248ed \
    --hash=sha256:be8813b57049a7dc738189df53d69395eba14fb99345e0a5994914a3864c8a4b \
    --hash=sha256:c0c0b3ade1c0b13b936d7970b1d37a57acde9199dc2aecc4c336773e1d86049c \
    --hash=sha256:c47a551199eb8eb2121d4f0f15ae0f923d31350ab9280078d1e5f12b249e0026 \
    --hash=sha256:c4ffb7ebf07cfe8931028e3e4c85f0357459a3f9f9490886198848f4fa002ec8 \
    --hash=sha256:ccfcd093f13f0f0b7fdd0f198b90053bf7b2f02a3927a30e63f3ccc9df56b676 \
    --hash=sha256:d2ee202e79d8ed691ceebae8e0486bd9a2cd4794cec4824e1c99b6f5009502f6 \
    --hash=sha256:d53197da72cc091b024dd97249dfc7794d6a56530370992a5e1a08983ad9230e \
    --hash=sha256:d6dd0be5b5b189d31db7cda48b91d7e0a9795f31430b7f271219ab30f1d3ac9d \
    --hash=sha256:d88b440e37a16e651bda4c7c2b930eb586fd15ca7406cb39e211fcff3bf3017d \
    --hash=sha256:de8a88e63464af587c950061a5e6a67d3632e36df62b986892331d4620a35c01 \
    --hash=sha256:df2449253ef108a379b8b5d6b43f4b1a8e81a061d6537becd5582fba5f9196d7 \
    --hash=sha256:e1c1493fb6e50ab01d20a22826e57520f1284df32f2d8601fdd90b6304601419 \
    --hash=sha256:e1cf1972137e83c5d4c136c43ced9ac51d0e124706ee1c8aa8532c1287fa8795 \
    --hash=sha256:e2103a929dfa2fcaf9bb4e7c091983a49c9ac3b19c9061b6d5427dd7d14d81a1 \
    --hash=sha256:e56b7d45a839a697b5eb268c82a71bd8c7f6c94d6fd50c3d577fa39a9f1409f5 \
    --hash=sha256:e8afc3f2ccfa24215f8cb28dcf43f0113ac3c37c2f0f0806d8c70e4228c5cf4d \
    --hash=sha256:e8fc20152abba6b83724d7ff268c249fa196d8259ff481f3b1476383f8f24e42 \
    --hash=sha256:eaa9599de571d72e2daf60164784109f19978b327a3910d3e9de8c97b5b70cfe \
    --hash=sha256:ec15a59cf5af7be74194f7ab02d0f59a62bdcf1a537677ce67a2537c9b87fcda \
    --hash=sha256:f190daf01f13c72eac4efd5c430a8de82489d9cff23c364c3ea822545032993e \
    --hash=sha256:f34c41761022dd093b4b6896d4810782ffbabe30f2d443ff5f083e0cbbb8c737 \
    --hash=sha256:f3e98bb3798ead92273dc0e5fd0f31ade220f59a266ffd8a4f6065e0a3ce0523 \
    --hash=sha256:f42d0984e947b8adf7dd6dde396e720934d12c506ce84eea8476409563607591 \
    --hash=sha256:f71a396b3bf33ecaa1626c255855702aca4d3d9fea5e051b41ac59a9c1c41edc \
    --hash=sha256:f9e130248f4462aaa8e2552d547f36ddadbeaa573879158d721bbd33dfe4743a \
    --hash=sha256:fed51ac40f757d41b7c48425901843666a6677e3e8eb0abcff09e4ba6e664f50
    # via
    #   flask
    #   jinja2
    #   werkzeug
more-itertools==11.1.0 \
    --hash=sha256:48e8f4d9e7e5878571ecf6f2b4e57634f93cd474cc8cfbd2376f2d11b396e30d \
    --hash=sha256:4b65538ae22f6fed0ce4874efd317463a7489796a0939fa66824dd542125a192
    # via
    #   cheroot
    #   jaraco-functools
pillow==12.1.1 \
    --hash=sha256:02f84dfad02693676692746df05b89cf25597560db2857363a208e393429f5e9 \
    --hash=sha256:0330d233c1a0ead844fc097a7d16c0abff4c12e856c0b325f231820fee1f39da \
    --hash=sha256:03edcc34d688572014ff223c125a3f77fb08091e4607e7745002fc214070b35f \
    --hash=sha256:097690ba1f2efdeb165a20469d59d8bb03c55fb6621eb2041a060ae8ea3e9642 \
    --hash=sha256:178aa072084bd88ec759052feca8e56cbb14a60b39322b99a049e58090479713 \
    --hash=sha256:18e5bddd742a44b7e6b1e773ab5db102bd7a94c32555ba656e76d319d19c3850 \
    --hash=sha256:1a9b0ee305220b392e1124a764ee4265bd063e54a751a6b62eff69992f457fa9 \
    --hash=sha256:1f1625b72740fdda5d77b4def688eb8fd6490975d06b909fd19f13f391e077e0 \
    --hash=sha256:1f1be78ce9466a7ee64bfda57bdba0f7cc499d9794d518b854816c41bf0aa4e9 \
    --hash=sha256:1f90cff8aa76835cba5769f0b3121a22bd4eb9e6884cfe338216e557a9a548b8 \
    --hash=sha256:21329ec8c96c6e979cd0dfd29406c40c1d52521a90544463057d2aaa937d66a6 \
    --hash=sha256:2815a87ab27848db0321fb78c7f0b2c8649dee134b7f2b80c6a45c6831d75ccd \
    --hash=sha256:2c1fc0f2ca5f96a3c8407e41cca26a16e46b21060fe6d5b099d2cb01412222f5 \
    --hash=sha256:2e0c664be47252947d870ac0d327fea7e63985a08794758aa8af5b6cb6ec0c9c \
    --hash=sha256:339ffdcb7cbeaa08221cd401d517d4b1fe7a9ed5d400e4a8039719238620ca35 \
    --hash=sha256:344cf1e3dab3be4b1fa08e449323d98a2a3f819ad20f4b22e77a0ede31f0faa1 \
    --hash=sha256:36341d06738a9f66c8287cf8b876d24b18db9bd8740fa0672c74e259ad408cff \
    --hash=sha256:365b10bb9417dd4498c0e3b128018c4a624dc11c7b97d8cc54effe3b096f4c38 \
    --hash=sha256:3a5cbdcddad0af3da87cb16b60d23648bc3b51967eb07223e9fed77a82b457c4 \
    --hash=sha256:417423db963cb4be8bac3fc1204fe61610f6abeed1580a7a2cbb2fbda20f12af \
    --hash=sha256:42fc1f4677106188ad9a55562bbade416f8b55456f522430fadab3cef7cd4e60 \
    --hash=sha256:44ce27545b6efcf0fdbdceb31c9a5bdea9333e664cda58a7e674bb74608b3986 \
    --hash=sha256:472a8d7ded663e6162dafdf20015c486a7009483ca671cece7a9279b512fcb13 \
    --hash=sha256:47b94983da0c642de92ced1702c5b6c292a84bd3a8e1d1702ff923f183594717 \
    --hash=sha256:495c302af3aad1ca67420ddd5c7bd480c8867ad173528767d906428057a11f0e \
    --hash=sha256:4ceb838d4bd9dab43e06c363cab2eebf63846d6a4aeaea283bbdfd8f1a8ed58b \
    --hash=sha256:50480dcd74fa63b8e78235957d302d98d98d82ccbfac4c7e12108ba9ecbdba15 \
    --hash=sha256:518a48c2aab7ce596d3bf79d0e275661b846e86e4d0e7dec34712c30fe07f02a \
    --hash=sha256:559b38da23606e68681337ad74622c4dbba02254fc9cb4488a305dd5975c7eeb \
    --hash=sha256:578510d88c6229d735855e1f278aa305270438d36a05031dfaae5067cc8eb04d \
    --hash=sha256:597bd9c8419bc7c6af5604e55847789b69123bbe25d65cc6ad3012b4f3c98d8b \
    --hash=sha256:5a8eb7ed8d4198bccbd07058416eeec51686b498e784eda166395a23eb99138e \
    --hash=sha256:5c0dd1636633e7e6a0afe7bf6a51a14992b7f8e60de5789018ebbdfae55b040a \
    --hash=sha256:5cb1785d97b0c3d1d1a16bc1d710c4a0049daefc4935f3a8f31f827f4d3d2e7f \
    --hash=sha256:5d1f9575a12bed9e9eedd9a4972834b08c97a352bd17955ccdebfeca5913fa0a \
    --hash=sha256:5d8c41325b382c07799a3682c1c258469ea2ff97103c53717b7893862d0c98ce \
    --hash=sha256:5dae5f21afb91322f2ff791895ddd8889e5e947ff59f71b46041c8ce6db790bc \
    --hash=sha256:600fd103672b925fe62ed08e0d874ea34d692474df6f4bf7ebe148b30f89f39f \
    --hash=sha256:6408a7b064595afcab0a49393a413732a35788f2a5092fdc6266952ed67de586 \
    --hash=sha256:652a2c9ccfb556235b2b501a3a7cf3742148cd22e04b5625c5fe057ea3e3191f \
    --hash=sha256:665e1b916b043cef294bc54d47bf02d87e13f769bc4bc5fa225a24b3a6c5aca9 \
    --hash=sha256:691ab2ac363b8217f7d31b3497108fb1f50faab2f75dfb03284ec2f217e87bf8 \
    --hash=sha256:6c52f062424c523d6c4db85518774cc3d50f5539dd6eed32b8f6229b26f24d40 \
    --hash=sha256:6c6db3b84c87d48d0088943bf33440e0c42370b99b1c2a7989216f7b42eede60 \
    --hash=sha256:7311c0a0dcadb89b36b7025dfd8326ecfa36964e29913074d47382706e516a7c \
    --hash=sha256:7aac39bcf8d4770d089588a2e1dd111cbaa42df5a94be3114222057d68336bd0 \
    --hash=sha256:7b03048319bfc6170e93bd60728a1af51d3dd7704935feb228c4d4faab35d334 \
    --hash=sha256:7e7976bf1910a8116b523b9f9f58bf410f3e8aa330cd9a2bb2953f9266ab49af \
    --hash=sha256:8089c852a56c2966cf18835db62d9b34fef7ba74c726ad943928d494fa7f4735 \
    --hash=sha256:86172b0831b82ce4f7877f280055892b31179e1576aa00d0df3bb1bbf8c3e524 \
    --hash=sha256:89b54027a766529136a06cfebeecb3a04900397a3590fd252160b888479517bf \
    --hash=sha256:89c7e895002bbe49cdc5426150377cbbc04767d7547ed145473f496dfa40408b \
    --hash=sha256:8b7e5304e34942bf62e15184219a7b5ad4ff7f3bb5cca4d984f37df1a0e1aee2 \
    --hash=sha256:8fd420ef0c52c88b5a035a0886f367748c72147b2b8f384c9d12656678dfdfa9 \
    --hash=sha256:98edb152429ab62a1818039744d8fbb3ccab98a7c29fc3d5fcef158f3f1f68b7 \
    --hash=sha256:99c1506ea77c11531d75e3a412832a13a71c7ebc8192ab9e4b2e355555920e3e \
    --hash=sha256:9ad8fa5937ab05218e2b6a4cff30295ad35afd2f83ac592e68c0d871bb0fdbc4 \
    --hash=sha256:9f51079765661884a486727f0729d29054242f74b46186026582b4e4769918e4 \
    --hash=sha256:a003d7422449f6d1e3a34e3dd4110c22148336918ddbfc6a32581cd54b2e0b2b \
    --hash=sha256:a0b1cd6232e2b618adcc54d9882e4e662a089d5768cd188f7c245b4c8c44a397 \
    --hash=sha256:a285e3eb7a5a45a2ff504e31f4a8d1b12ef62e84e5411c6804a42197c1cf586c \
    --hash=sha256:a37691702ed687799de29a518d63d4682d9016932db66d4e90c345831b02fb4e \
    --hash=sha256:a550ae29b95c6dc13cf69e2c9dc5747f814c54eeb2e32d683e5e93af56caa029 \
    --hash=sha256:ab174cd7d29a62dd139c44bf74b698039328f45cb03b4596c43473a46656b2f3 \
    --hash=sha256:ab323b787d6e18b3d91a72fc99b1a2c28651e4358749842b8f8dfacd28ef2052 \
    --hash=sha256:adebb5bee0f0af4909c30db0d890c773d1a92ffe83da908e2e9e720f8edf3984 \
    --hash=sha256:aee2810642b2898bb187ced9b349e95d2a7272930796e022efaf12e99dccd293 \
    --hash=sha256:af9a332e572978f0218686636610555ae3defd1633597be015ed50289a03c523 \
    --hash=sha256:b574c51cf7d5d62e9be37ba446224b59a2da26dc4c1bb2ecbe936a4fb1a7cb7f \
    --hash=sha256:b66e95d05ba806247aaa1561f080abc7975daf715c30780ff92a20e4ec546e1b \
    --hash=sha256:b81b5e3511211631b3f672a595e3221252c90af017e399056d0faabb9538aa80 \
    --hash=sha256:b957b71c6b2387610f556a7eb0828afbe40b4a98036fc0d2acfa5a44a0c2036f \
    --hash=sha256:bb66b7cc26f50977108790e2456b7921e773f23db5630261102233eb355a3b79 \
    --hash=sha256:c6008de247150668a705a6338156efb92334113421ceecf7438a12c9a12dab23 \
    --hash=sha256:c7697918b5be27424e9ce568193efd13d925c4481dd364e43f5dff72d33e10f8 \
    --hash=sha256:cb9bb857b2d057c6dfc72ac5f3b44836924ba15721882ef103cecb40d002d80e \
    --hash=sha256:cc7d296b5ea4d29e6570dabeaed58d31c3fea35a633a69679fb03d7664f43fb3 \
    --hash=sha256:d242e8ac078781f1de88bf823d70c1a9b3c7950a44cdf4b7c012e22ccbcd8e4e \
    --hash=sha256:d2912fd8114fc5545aa3a4b5576512f64c55a03f3ebcca4c10194d593d43ea36 \
    --hash=sha256:d470ab1178551dd17fdba0fef463359c41aaa613cdcd7ff8373f54be629f9f8f \
    --hash=sha256:d4ce8e329c93845720cd2014659ca67eac35f6433fd3050393d85f3ecef0dad5 \
    --hash=sha256:d6e4571eedf43af33d0fc233a382a76e849badbccdf1ac438841308652a08e1f \
    --hash=sha256:e65498daf4b583091ccbb2556c7000abf0f3349fcd57ef7adc9a84a394ed29f6 \
    --hash=sha256:e879bb6cd5c73848ef3b2b48b8af9ff08c5b71ecda8048b7dd22d8a33f60be32 \
    --hash=sha256:e9e8064fb1cc019296958595f6db671fba95209e3ceb0c4734c9baf97de04b20 \
    --hash=sha256:f7ed2c6543bad5a7d5530eb9e78c53132f93dfa44a28492db88b41cdab885202 \
    --hash=sha256:f95c00d5d6700b2b890479664a06e754974848afaae5e21beb4d83c106923fd0 \
    --hash=sha256:f975aa7ef9684ce7e2c18a3aa8f8e2106ce1e46b94ab713d156b2898811651d3 \
    --hash=sha256:fbfa2a7c10cc2623f412753cddf391c7f971c52ca40a3f65dc5039b2939e8563 \
    --hash=sha256:fc354a04072b765eccf2204f588a7a532c9511e8b9c7f900e1b64e3e33487090 \
    --hash=sha256:fc44ef1f3de4f45b50ccf9136999d71abb99dca7706bc75d222ed350b9fd2289
    # via -r services/thumbnailer/requirements.txt
prometheus-client==0.24.1 \
    --hash=sha256:150db128af71a5c2482b36e588fc8a6b95e498750da4b17065947c16070f4055 \
    --hash=sha256:7e0ced7fbbd40f7b84962d5d2ab6f17ef88a72504dcf7c0b40737b43b2a461f9
    # via -r services/thumbnailer/requirements.txt
psycopg2-binary==2.9.10 \
    --hash=sha256:04392983d0bb89a8717772a193cfaac58871321e3ec69514e1c4e0d4957b5aff \
    --hash=sha256:056470c3dc57904bbf63d6f534988bafc4e970ffd50f6271fc4ee7daad9498a5 \
    --hash=sha256:0ea8e3d0ae83564f2fc554955d327fa081d065c8ca5cc6d2abb643e2c9c1200f \
    --hash=sha256:155e69561d54d02b3c3209545fb08938e27889ff5a10c19de8d23eb5a41be8a5 \
    --hash=sha256:18c5ee682b9c6dd3696dad6e54cc7ff3a1a9020df6a5c0f861ef8bfd338c3ca0 \
    --hash=sha256:19721ac03892001ee8fdd11507e6a2e01f4e37014def96379411ca99d78aeb2c \
    --hash=sha256:1a6784f0ce3fec4edc64e985865c17778514325074adf5ad8f80636cd029ef7c \
    --hash=sha256:2286791ececda3a723d1910441c793be44625d86d1a4e79942751197f4d30341 \
    --hash=sha256:230eeae2d71594103cd5b93fd29d1ace6420d0b86f4778739cb1a5a32f607d1f \
    --hash=sha256:245159e7ab20a71d989da00f280ca57da7641fa2cdcf71749c193cea540a74f7 \
    --hash=sha256:26540d4a9a4e2b096f1ff9cce51253d0504dca5a85872c7f7be23be5a53eb18d \
    --hash=sha256:270934a475a0e4b6925b5f804e3809dd5f90f8613621d062848dd82f9cd62007 \
    --hash=sha256:27422aa5f11fbcd9b18da48373eb67081243662f9b46e6fd07c3eb46e4535142 \
    --hash=sha256:2ad26b467a405c798aaa1458ba09d7e2b6e5f96b1ce0ac15d82fd9f95dc38a92 \
    --hash=sha256:2b3d2491d4d78b6b14f76881905c7a8a8abcf974aad4a8a0b065273a0ed7a2cb \
    --hash=sha256:2ce3e21dc3437b1d960521eca599d57408a695a0d3c26797ea0f72e834c7ffe5 \
    --hash=sha256:30e34c4e97964805f715206c7b789d54a78b70f3ff19fbe590104b71c45600e5 \
    --hash=sha256:3216ccf953b3f267691c90c6fe742e45d890d8272326b4a8b20850a03d05b7b8 \
    --hash=sha256:32581b3020c72d7a421009ee1c6bf4a131ef5f0a968fab2e2de0c9d2bb4577f1 \
    --hash=sha256:35958ec9e46432d9076286dda67942ed6d968b9c3a6a2fd62b48939d1d78bf68 \
    --hash=sha256:3abb691ff9e57d4a93355f60d4f4c1dd2d68326c968e7db17ea96df3c023ef73 \
    --hash=sha256:3c18f74eb4386bf35e92ab2354a12c17e5eb4d9798e4c0ad3a00783eae7cd9f1 \
    --hash=sha256:3c4745a90b78e51d9ba06e2088a2fe0c693ae19cc8cb051ccda44e8df8a6eb53 \
    --hash=sha256:3c4ded1a24b20021ebe677b7b08ad10bf09aac197d6943bfe6fec70ac4e4690d \
    --hash=sha256:3e9c76f0ac6f92ecfc79516a8034a544926430f7b080ec5a0537bca389ee0906 \
    --hash=sha256:48b338f08d93e7be4ab2b5f1dbe69dc5e9ef07170fe1f86514422076d9c010d0 \
    --hash=sha256:4b3df0e6990aa98acda57d983942eff13d824135fe2250e6522edaa782a06de2 \
    --hash=sha256:512d29bb12608891e349af6a0cccedce51677725a921c07dba6342beaf576f9a \
    --hash=sha256:5a507320c58903967ef7384355a4da7ff3f28132d679aeb23572753cbf2ec10b \
    --hash=sha256:5c370b1e4975df846b0277b4deba86419ca77dbc25047f535b0bb03d1a544d44 \
    --hash=sha256:6b269105e59ac96aba877c1707c600ae55711d9dcd3fc4b5012e4af68e30c648 \
    --hash=sha256:6d4fa1079cab9018f4d0bd2db307beaa612b0d13ba73b5c6304b9fe2fb441ff7 \
    --hash=sha256:6dc08420625b5a20b53551c50deae6e231e6371194fa0651dbe0fb206452ae1f \
    --hash=sha256:73aa0e31fa4bb82578f3a6c74a73c273367727de397a7a0f07bd83cbea696baa \
    --hash=sha256:7559bce4b505762d737172556a4e6ea8a9998ecac1e39b5233465093e8cee697 \
    --hash=sha256:79625966e176dc97ddabc142351e0409e28acf4660b88d1cf6adb876d20c490d \
    --hash=sha256:7a813c8bdbaaaab1f078014b9b0b13f5de757e2b5d9be6403639b298a04d218b \
    --hash=sha256:7b2c956c028ea5de47ff3a8d6b3cc3330ab45cf0b7c3da35a2d6ff8420896526 \
    --hash=sha256:7f4152f8f76d2023aac16285576a9ecd2b11a9895373a1f10fd9db54b3ff06b4 \
    --hash=sha256:7f5d859928e635fa3ce3477704acee0f667b3a3d3e4bb109f2b18d4005f38287 \
    --hash=sha256:851485a42dbb0bdc1edcdabdb8557c09c9655dfa2ca0460ff210522e073e319e \
    --hash=sha256:8608c078134f0b3cbd9f89b34bd60a943b23fd33cc5f065e8d5f840061bd0673 \
    --hash=sha256:880845dfe1f85d9d5f7c412efea7a08946a46894537e4e5d091732eb1d34d9a0 \
    --hash=sha256:8aabf1c1a04584c168984ac678a668094d831f152859d06e055288fa515e4d30 \
    --hash=sha256:8aecc5e80c63f7459a1a2ab2c64df952051df196294d9f739933a9f6687e86b3 \
    --hash=sha256:8cd9b4f2cfab88ed4a9106192de509464b75a906462fb846b936eabe45c2063e \
    --hash=sha256:8de718c0e1c4b982a54b41779667242bc630b2197948405b7bd8ce16bcecac92 \
    --hash=sha256:9440fa522a79356aaa482aa4ba500b65f28e5d0e63b801abf6aa152a29bd842a \
    --hash=sha256:b5f86c56eeb91dc3135b3fd8a95dc7ae14c538a2f3ad77a19645cf55bab1799c \
    --hash=sha256:b73d6d7f0ccdad7bc43e6d34273f70d587ef62f824d7261c4ae9b8b1b6af90e8 \
    --hash=sha256:bb89f0a835bcfc1d42ccd5f41f04870c1b936d8507c6df12b7737febc40f0909 \
    --hash=sha256:c3cc28a6fd5a4a26224007712e79b81dbaee2ffb90ff406256158ec4d7b52b47 \
    --hash=sha256:ce5ab4bf46a211a8e924d307c1b1fcda82368586a19d0a24f8ae166f5c784864 \
    --hash=sha256:d00924255d7fc916ef66e4bf22f354a940c67179ad3fd7067d7a0a9c84d2fbfc \
    --hash=sha256:d7cd730dfa7c36dbe8724426bf5612798734bff2d3c3857f36f2733f5bfc7c00 \
    --hash=sha256:e217ce4d37667df0bc1c397fdcd8de5e81018ef305aed9415c3b093faaeb10fb \
    --hash=sha256:e3923c1d9870c49a2d44f795df0c889a22380d36ef92440ff618ec315757e539 \
    --hash=sha256:e5720a5d25e3b99cd0dc5c8a440570469ff82659bb09431c1439b92caf184d3b \
    --hash=sha256:e8b58f0a96e7a1e341fc894f62c1177a7c83febebb5ff9123b579418fdc8a481 \
    --hash=sha256:e984839e75e0b60cfe75e351db53d6db750b00de45644c5d1f7ee5d1f34a1ce5 \
    --hash=sha256:eb09aa7f9cecb45027683bb55aebaaf45a0df8bf6de68801a6afdc7947bb09d4 \
    --hash=sha256:ec8a77f521a17506a24a5f626cb2aee7850f9b69a0afe704586f63a464f3cd64 \
    --hash=sha256:ecced182e935529727401b24d76634a357c71c9275b356efafd8a2a91ec07392 \
    --hash=sha256:ee0e8c683a7ff25d23b55b11161c2663d4b099770f6085ff0a20d4505778d6b4 \
    --hash=sha256:f0c2d907a1e102526dd2986df638343388b94c33860ff3bbe1384130828714b1 \
    --hash=sha256:f758ed67cab30b9a8d2833609513ce4d3bd027641673d4ebc9c067e4d208eec1 \
    --hash=sha256:f8157bed2f51db683f31306aa497311b560f2265998122abe1dce6428bd86567 \
    --hash=sha256:ffe8ed017e4ed70f68b7b371d84b7d4a790368db9203dfc2d222febd3a9c8863
    # via -r services/thumbnailer/requirements.txt
python-dateutil==2.9.0.post0 \
    --hash=sha256:37dd54208da7e1cd875388217d5e00ebd4179249f90fb72437e91a35459a0ad3 \
    --hash=sha256:a8b2bc7bffae282281c8140a97d3aa9c14da0b136dfe83f850eea9a5f7470427
    # via botocore
s3transfer==0.10.4 \
    --hash=sha256:244a76a24355363a68164241438de1b72f8781664920260c48465896b712a41e \
    --hash=sha256:29edc09801743c21eb5ecbc617a152df41d3c287f67b615f73e5f750583666a7
    # via boto3
six==1.17.0 \
    --hash=sha256:4721f391ed90541fddacab5acf947aa0d3dc7d27b2e1e8eda2be8970586c3274 \
    --hash=sha256:ff70335d468e7eb6ec65b95b99d3a2836546063f63acc5171de367e834932a81
    # via python-dateutil
urllib3==2.8.0 \
    --hash=sha256:0cf3cae568d36aa9576b28dfb35f11328f1cb974ca7647d9475ebb86c75ac6e3 \
    --hash=sha256:63bf2ead4c879426ebf22ef2a781eeb4aa3b4ae798a0435506f8687fd5bb9b63
    # via botocore
werkzeug==3.1.8 \
    --hash=sha256:63a77fb8892bf28ebc3178683445222aa500e48ebad5ec77b0ad80f8726b1f50 \
    --hash=sha256:9bad61a4268dac112f1c5cd4630a56ede601b6ed420300677a869083d70a4c44
    # via flask
