# This file was autogenerated by uv via the following command:
#    uv pip compile services/ocr/requirements.txt --generate-hashes --output-file services/ocr/requirements.lock --cache-dir /tmp/lolcatz-uv-cache
boto3==1.35.93 \
    --hash=sha256:2446e819cf4e295833474cdcf2c92bc82718ce537e9ee1f17f7e3d237f60e69b \
    --hash=sha256:7de2c44c960e486f3c57e5203ea6393c6c4f0914c5f81c789ceb8b5d2ba5d1c5
    # via -r services/ocr/requirements.txt
botocore==1.35.99 \
    --hash=sha256:1eab44e969c39c5f3d9a3104a0836c24715579a455f12b3979a31d7cde51b3c3 \
    --hash=sha256:b22d27b6b617fc2d7342090d6129000af2efd20174215948c0d7ae2da0fab445
    # via
    #   boto3
    #   s3transfer
confluent-kafka==2.6.1 \
    --hash=sha256:0c2b63f7f764dc504296a8a474a3f09e408a456626cf938635eb31f59cac59fa \
    --hash=sha256:150735910da42c44f7fa21ad96e3ae0f52df34066f163d3f544001a64ea776d2 \
    --hash=sha256:15af5ae70c9376aba62462f20dbc846364a41f6ae4071baac36a3adb44ec29bb \
    --hash=sha256:24cc1833658a93b727337fc31088f4e7d04fdc8e73eae3f946ecae0308737822 \
    --hash=sha256:2584812d8834932e194929544d09325dd09039223aced7ab09095ffd4e96a1ca \
    --hash=sha256:298aa323eb8507862ccfa619367667b41ab76ddf3657e8a45dafe4b270208257 \
    --hash=sha256:44d8d1bb3ffaba84f2e169614651662fb57c3645c50f88effb653d76149ac18e \
    --hash=sha256:56473c3e8189b63fceae42569c31e339d0b9a4aac2fb3d38f744400837251857 \
    --hash=sha256:65cb90cf046e649fd68414fb45b3c9b0db28b4f051474db78ebca527190fb246 \
    --hash=sha256:71fdab0f65ccdb00eff0f14ccde65723ebbd20392723f8c1e87e5d8ab29e50cf \
    --hash=sha256:7670bf37fb46892a070f4b191edfe43d8564aa29446c80ddb32a95d183905086 \
    --hash=sha256:802af9c60c1c0e068adfc73a10322f9d9d9260f508978ebe853cd6d1e8d6f4ef \
    --hash=sha256:832f17bc8568bdec1823a46ebe66e0ccbffbb0f5917f8ed6226258186aed9bae \
    --hash=sha256:8c38bf716dbf99bd0e84ba867417e397c4d544d37a530b28df6cadd227a57f98 \
    --hash=sha256:8fef7efc866e12db75060d3ec7b74cd6cf5322d8bf72267f1e3204a98ee6b75b \
    --hash=sha256:90853bbf466c57e0295076549b9b3b9cb6ab9447965977f3cde7f0790c39b5d6 \
    --hash=sha256:93e02a8fa4152355b95cd1d6fc82b987f318ca591439dace481d818ad2237ad5 \
    --hash=sha256:98cd678cc955cc3ab88b10823ef01aab2937f9d5ff0cba85abe5a5de11696159 \
    --hash=sha256:a21b712b17362fd0602faa87c4363bd604f271ca62076bcf2d83ca91d2bd62c2 \
    --hash=sha256:a5062f24f3af27f6edd63cb71a663144de09dd3249647c80c4aec9655a0ea1dd \
    --hash=sha256:a6cea569aa1fb7171b59f87edaf000d40fe0f92f9722d107230a6338fbd20f61 \
    --hash=sha256:a6d3f65f6df9bdeeafd3de206159c0d0c529e17c89c839376df39af029ba1260 \
    --hash=sha256:ac80ae38a3f44103191cd30177f2871ba6af26ca7511f496cf25f0962eccc523 \
    --hash=sha256:b17da915fc35b1bef49d599f685656f65f379094dbbc7aafc5ede1843cc72699 \
    --hash=sha256:b5e22e09c7316b25c262e45aaffbf254605ebc1bcf0e8ec1fc77b941065acde9 \
    --hash=sha256:b615cd8d35c94bed594bfc0905cf9d5e83f8be1ff49902898b29896748015394 \
    --hash=sha256:c41b8461958690aa35ceb5619cf910c664535fb395a8f331998c74760d51e1d1 \
    --hash=sha256:cc22c426e2b87b92a93b4acd6c762a8cea3fae529ca0b1ba80165b358e041604 \
    --hash=sha256:d250199230fdb90eeb48313ed5ca3526ec7a1f30a67c1ae1a98b4d98316172bc \
    --hash=sha256:db46641c7a48cc998900c4e85778c4ea838d2b940433948831deae0d883945f3 \
    --hash=sha256:dc2ad05ad5283cf9280b64949ed1f83a7201c70ce22f262a8f1939d384e45bed \
    --hash=sha256:e1f54816890249316b47a5d479041311445c2829cf71967e2abbc2a5581b06e0 \
    --hash=sha256:e4294ff4e9031a31f2cb807e284aedbf988e49a27bfe90dec35aad9f8e07db9e \
    --hash=sha256:efc94016d3b438f0af2ddd3f5a8fb293616fda296644f341161033b24282b23d \
    --hash=sha256:fd2b97770525e1e181fab64f715c21593cc5e3ac858d71300de9a45e8453e31c
    # via -r services/ocr/requirements.txt
jmespath==1.1.0 \
    --hash=sha256:472c87d80f36026ae83c6ddd0f1d05d4e510134ed462851fd5f754c8c3cbb88d \
    --hash=sha256:a5663118de4908c91729bea0acadca56526eb2698e83de10cd116ae0f4e97c64
    # via
    #   boto3
    #   botocore
pillow==11.0.0 \
    --hash=sha256:00177a63030d612148e659b55ba99527803288cea7c75fb05766ab7981a8c1b7 \
    --hash=sha256:006bcdd307cc47ba43e924099a038cbf9591062e6c50e570819743f5607404f5 \
    --hash=sha256:084a07ef0821cfe4858fe86652fffac8e187b6ae677e9906e192aafcc1b69903 \
    --hash=sha256:0ae08bd8ffc41aebf578c2af2f9d8749d91f448b3bfd41d7d9ff573d74f2a6b2 \
    --hash=sha256:0e038b0745997c7dcaae350d35859c9715c71e92ffb7e0f4a8e8a16732150f38 \
    --hash=sha256:1187739620f2b365de756ce086fdb3604573337cc28a0d3ac4a01ab6b2d2a6d2 \
    --hash=sha256:16095692a253047fe3ec028e951fa4221a1f3ed3d80c397e83541a3037ff67c9 \
    --hash=sha256:1a61b54f87ab5786b8479f81c4b11f4d61702830354520837f8cc791ebba0f5f \
    --hash=sha256:1c1d72714f429a521d8d2d018badc42414c3077eb187a59579f28e4270b4b0fc \
    --hash=sha256:1e2688958a840c822279fda0086fec1fdab2f95bf2b717b66871c4ad9859d7e8 \
    --hash=sha256:20ec184af98a121fb2da42642dea8a29ec80fc3efbaefb86d8fdd2606619045d \
    --hash=sha256:21a0d3b115009ebb8ac3d2ebec5c2982cc693da935f4ab7bb5c8ebe2f47d36f2 \
    --hash=sha256:224aaa38177597bb179f3ec87eeefcce8e4f85e608025e9cfac60de237ba6316 \
    --hash=sha256:2679d2258b7f1192b378e2893a8a0a0ca472234d4c2c0e6bdd3380e8dfa21b6a \
    --hash=sha256:27a7860107500d813fcd203b4ea19b04babe79448268403172782754870dac25 \
    --hash=sha256:290f2cc809f9da7d6d622550bbf4c1e57518212da51b6a30fe8e0a270a5b78bd \
    --hash=sha256:2e46773dc9f35a1dd28bd6981332fd7f27bec001a918a72a79b4133cf5291dba \
    --hash=sha256:3107c66e43bda25359d5ef446f59c497de2b5ed4c7fdba0894f8d6cf3822dafc \
    --hash=sha256:375b8dd15a1f5d2feafff536d47e22f69625c1aa92f12b339ec0b2ca40263273 \
    --hash=sha256:45c566eb10b8967d71bf1ab8e4a525e5a93519e29ea071459ce517f6b903d7fa \
    --hash=sha256:499c3a1b0d6fc8213519e193796eb1a86a1be4b1877d678b30f83fd979811d1a \
    --hash=sha256:4ad70c4214f67d7466bea6a08061eba35c01b1b89eaa098040a35272a8efb22b \
    --hash=sha256:4b60c9520f7207aaf2e1d94de026682fc227806c6e1f55bba7606d1c94dd623a \
    --hash=sha256:5178952973e588b3f1360868847334e9e3bf49d19e169bbbdfaf8398002419ae \
    --hash=sha256:52a2d8323a465f84faaba5236567d212c3668f2ab53e1c74c15583cf507a0291 \
    --hash=sha256:598b4e238f13276e0008299bd2482003f48158e2b11826862b1eb2ad7c768b97 \
    --hash=sha256:5bd2d3bdb846d757055910f0a59792d33b555800813c3b39ada1829c372ccb06 \
    --hash=sha256:5c39ed17edea3bc69c743a8dd3e9853b7509625c2462532e62baa0732163a904 \
    --hash=sha256:5d203af30149ae339ad1b4f710d9844ed8796e97fda23ffbc4cc472968a47d0b \
    --hash=sha256:5ddbfd761ee00c12ee1be86c9c0683ecf5bb14c9772ddbd782085779a63dd55b \
    --hash=sha256:607bbe123c74e272e381a8d1957083a9463401f7bd01287f50521ecb05a313f8 \
    --hash=sha256:61b887f9ddba63ddf62fd02a3ba7add935d053b6dd7d58998c630e6dbade8527 \
    --hash=sha256:6619654954dc4936fcff82db8eb6401d3159ec6be81e33c6000dfd76ae189947 \
    --hash=sha256:674629ff60030d144b7bca2b8330225a9b11c482ed408813924619c6f302fdbb \
    --hash=sha256:6ec0d5af64f2e3d64a165f490d96368bb5dea8b8f9ad04487f9ab60dc4bb6003 \
    --hash=sha256:6f4dba50cfa56f910241eb7f883c20f1e7b1d8f7d91c750cd0b318bad443f4d5 \
    --hash=sha256:70fbbdacd1d271b77b7721fe3cdd2d537bbbd75d29e6300c672ec6bb38d9672f \
    --hash=sha256:72bacbaf24ac003fea9bff9837d1eedb6088758d41e100c1552930151f677739 \
    --hash=sha256:7326a1787e3c7b0429659e0a944725e1b03eeaa10edd945a86dead1913383944 \
    --hash=sha256:73853108f56df97baf2bb8b522f3578221e56f646ba345a372c78326710d3830 \
    --hash=sha256:73e3a0200cdda995c7e43dd47436c1548f87a30bb27fb871f352a22ab8dcf45f \
    --hash=sha256:75acbbeb05b86bc53cbe7b7e6fe00fbcf82ad7c684b3ad82e3d711da9ba287d3 \
    --hash=sha256:8069c5179902dcdce0be9bfc8235347fdbac249d23bd90514b7a47a72d9fecf4 \
    --hash=sha256:846e193e103b41e984ac921b335df59195356ce3f71dcfd155aa79c603873b84 \
    --hash=sha256:8594f42df584e5b4bb9281799698403f7af489fba84c34d53d1c4bfb71b7c4e7 \
    --hash=sha256:86510e3f5eca0ab87429dd77fafc04693195eec7fd6a137c389c3eeb4cfb77c6 \
    --hash=sha256:8853a3bf12afddfdf15f57c4b02d7ded92c7a75a5d7331d19f4f9572a89c17e6 \
    --hash=sha256:88a58d8ac0cc0e7f3a014509f0455248a76629ca9b604eca7dc5927cc593c5e9 \
    --hash=sha256:8ba470552b48e5835f1d23ecb936bb7f71d206f9dfeee64245f30c3270b994de \
    --hash=sha256:8c676b587da5673d3c75bd67dd2a8cdfeb282ca38a30f37950511766b26858c4 \
    --hash=sha256:8ec4a89295cd6cd4d1058a5e6aec6bf51e0eaaf9714774e1bfac7cfc9051db47 \
    --hash=sha256:94f3e1780abb45062287b4614a5bc0874519c86a777d4a7ad34978e86428b8dd \
    --hash=sha256:9a0f748eaa434a41fccf8e1ee7a3eed68af1b690e75328fd7a60af123c193b50 \
    --hash=sha256:a5629742881bcbc1f42e840af185fd4d83a5edeb96475a575f4da50d6ede337c \
    --hash=sha256:a65149d8ada1055029fcb665452b2814fe7d7082fcb0c5bed6db851cb69b2086 \
    --hash=sha256:b3c5ac4bed7519088103d9450a1107f76308ecf91d6dabc8a33a2fcfb18d0fba \
    --hash=sha256:b4fd7bd29610a83a8c9b564d457cf5bd92b4e11e79a4ee4716a63c959699b306 \
    --hash=sha256:bcd1fb5bb7b07f64c15618c89efcc2cfa3e95f0e3bcdbaf4642509de1942a699 \
    --hash=sha256:c12b5ae868897c7338519c03049a806af85b9b8c237b7d675b8c5e089e4a618e \
    --hash=sha256:c26845094b1af3c91852745ae78e3ea47abf3dbcd1cf962f16b9a5fbe3ee8488 \
    --hash=sha256:c6a660307ca9d4867caa8d9ca2c2658ab685de83792d1876274991adec7b93fa \
    --hash=sha256:c809a70e43c7977c4a42aefd62f0131823ebf7dd73556fa5d5950f5b354087e2 \
    --hash=sha256:c8b2351c85d855293a299038e1f89db92a2f35e8d2f783489c6f0b2b5f3fe8a3 \
    --hash=sha256:cb929ca942d0ec4fac404cbf520ee6cac37bf35be479b970c4ffadf2b6a1cad9 \
    --hash=sha256:d2c0a187a92a1cb5ef2c8ed5412dd8d4334272617f532d4ad4de31e0495bd923 \
    --hash=sha256:d69bfd8ec3219ae71bcde1f942b728903cad25fafe3100ba2258b973bd2bc1b2 \
    --hash=sha256:daffdf51ee5db69a82dd127eabecce20729e21f7a3680cf7cbb23f0829189790 \
    --hash=sha256:e58876c91f97b0952eb766123bfef372792ab3f4e3e1f1a2267834c2ab131734 \
    --hash=sha256:eda2616eb2313cbb3eebbe51f19362eb434b18e3bb599466a1ffa76a033fb916 \
    --hash=sha256:ee217c198f2e41f184f3869f3e485557296d505b5195c513b2bfe0062dc537f1 \
    --hash=sha256:f02541ef64077f22bf4924f225c0fd1248c168f86e4b7abdedd87d6ebaceab0f \
    --hash=sha256:f1b82c27e89fffc6da125d5eb0ca6e68017faf5efc078128cfaa42cf5cb38798 \
    --hash=sha256:fba162b8872d30fea8c52b258a542c5dfd7b235fb5cb352240c8d63b414013eb \
    --hash=sha256:fbbcb7b57dc9c794843e3d1258c0fbf0f48656d46ffe9e09b63bbd6e8cd5d0a2 \
    --hash=sha256:fcb4621042ac4b7865c179bb972ed0da0218a076dc1820ffc48b1d74c1e37fe9
    # via -r services/ocr/requirements.txt
prometheus-client==0.24.1 \
    --hash=sha256:150db128af71a5c2482b36e588fc8a6b95e498750da4b17065947c16070f4055 \
    --hash=sha256:7e0ced7fbbd40f7b84962d5d2ab6f17ef88a72504dcf7c0b40737b43b2a461f9
    # via -r services/ocr/requirements.txt
psycopg2-binary==2.9.10 \
    --hash=sha256:04392983d0bb89a8717772a193cfaac58871321e3ec69514e1c4e0d4957b5aff \
    --hash=sha256:056470c3dc57904bbf63d6f534988bafc4e970ffd50f6271fc4ee7daad9498a5 \
    --hash=sha256:0ea8e3d0ae83564f2fc554955d327fa081d065c8ca5cc6d2abb643e2c9c1200f \
    --hash=sha256:155e69561d54d02b3c3209545fb08938e27889ff5a10c19de8d23eb5a41be8a5 \
    --hash=sha256:18c5ee682b9c6dd3696dad6e54cc7ff3a1a9020df6a5c0f861ef8bfd338c3ca0 \
    --hash=sha256:19721ac03892001ee8fdd11507e6a2e01f4e37014def96379411ca99d78aeb2c \
    --hash=sha256:1a6784f0ce3fec4edc64e985865c17778514325074adf5ad8f80636cd029ef7c \
    --hash=sha256:2286791ececda3a723d1910441c793be44625d86d1a4e79942751197f4d30341 \
    --hash=sha256:230eeae2d71594103cd5b93fd29d1ace6420d0b86f4778739cb1a5a32f607d1f \
    --hash=sha256:245159e7ab20a71d989da00f280ca57da7641fa2cdcf71749c193cea540a74f7 \
    --hash=sha256:26540d4a9a4e2b096f1ff9cce51253d0504dca5a85872c7f7be23be5a53eb18d \
    --hash=sha256:270934a475a0e4b6925b5f804e3809dd5f90f8613621d062848dd82f9cd62007 \
    --hash=sha256:27422aa5f11fbcd9b18da48373eb67081243662f9b46e6fd07c3eb46e4535142 \
    --hash=sha256:2ad26b467a405c798aaa1458ba09d7e2b6e5f96b1ce0ac15d82fd9f95dc38a92 \
    --hash=sha256:2b3d2491d4d78b6b14f76881905c7a8a8abcf974aad4a8a0b065273a0ed7a2cb \
    --hash=sha256:2ce3e21dc3437b1d960521eca599d57408a695a0d3c26797ea0f72e834c7ffe5 \
    --hash=sha256:30e34c4e97964805f715206c7b789d54a78b70f3ff19fbe590104b71c45600e5 \
    --hash=sha256:3216ccf953b3f267691c90c6fe742e45d890d8272326b4a8b20850a03d05b7b8 \
    --hash=sha256:32581b3020c72d7a421009ee1c6bf4a131ef5f0a968fab2e2de0c9d2bb4577f1 \
    --hash=sha256:35958ec9e46432d9076286dda67942ed6d968b9c3a6a2fd62b48939d1d78bf68 \
    --hash=sha256:3abb691ff9e57d4a93355f60d4f4c1dd2d68326c968e7db17ea96df3c023ef73 \
    --hash=sha256:3c18f74eb4386bf35e92ab2354a12c17e5eb4d9798e4c0ad3a00783eae7cd9f1 \
    --hash=sha256:3c4745a90b78e51d9ba06e2088a2fe0c693ae19cc8cb051ccda44e8df8a6eb53 \
    --hash=sha256:3c4ded1a24b20021ebe677b7b08ad10bf09aac197d6943bfe6fec70ac4e4690d \
    --hash=sha256:3e9c76f0ac6f92ecfc79516a8034a544926430f7b080ec5a0537bca389ee0906 \
    --hash=sha256:48b338f08d93e7be4ab2b5f1dbe69dc5e9ef07170fe1f86514422076d9c010d0 \
    --hash=sha256:4b3df0e6990aa98acda57d983942eff13d824135fe2250e6522edaa782a06de2 \
    --hash=sha256:512d29bb12608891e349af6a0cccedce51677725a921c07dba6342beaf576f9a \
    --hash=sha256:5a507320c58903967ef7384355a4da7ff3f28132d679aeb23572753cbf2ec10b \
    --hash=sha256:5c370b1e4975df846b0277b4deba86419ca77dbc25047f535b0bb03d1a544d44 \
    --hash=sha256:6b269105e59ac96aba877c1707c600ae55711d9dcd3fc4b5012e4af68e30c648 \
    --hash=sha256:6d4fa1079cab9018f4d0bd2db307beaa612b0d13ba73b5c6304b9fe2fb441ff7 \
    --hash=sha256:6dc08420625b5a20b53551c50deae6e231e6371194fa0651dbe0fb206452ae1f \
    --hash=sha256:73aa0e31fa4bb82578f3a6c74a73c273367727de397a7a0f07bd83cbea696baa \
    --hash=sha256:7559bce4b505762d737172556a4e6ea8a9998ecac1e39b5233465093e8cee697 \
    --hash=sha256:79625966e176dc97ddabc142351e0409e28acf4660b88d1cf6adb876d20c490d \
    --hash=sha256:7a813c8bdbaaaab1f078014b9b0b13f5de757e2b5d9be6403639b298a04d218b \
    --hash=sha256:7b2c956c028ea5de47ff3a8d6b3cc3330ab45cf0b7c3da35a2d6ff8420896526 \
    --hash=sha256:7f4152f8f76d2023aac16285576a9ecd2b11a9895373a1f10fd9db54b3ff06b4 \
    --hash=sha256:7f5d859928e635fa3ce3477704acee0f667b3a3d3e4bb109f2b18d4005f38287 \
    --hash=sha256:851485a42dbb0bdc1edcdabdb8557c09c9655dfa2ca0460ff210522e073e319e \
    --hash=sha256:8608c078134f0b3cbd9f89b34bd60a943b23fd33cc5f065e8d5f840061bd0673 \
    --hash=sha256:880845dfe1f85d9d5f7c412efea7a08946a46894537e4e5d091732eb1d34d9a0 \
    --hash=sha256:8aabf1c1a04584c168984ac678a668094d831f152859d06e055288fa515e4d30 \
    --hash=sha256:8aecc5e80c63f7459a1a2ab2c64df952051df196294d9f739933a9f6687e86b3 \
    --hash=sha256:8cd9b4f2cfab88ed4a9106192de509464b75a906462fb846b936eabe45c2063e \
    --hash=sha256:8de718c0e1c4b982a54b41779667242bc630b2197948405b7bd8ce16bcecac92 \
    --hash=sha256:9440fa522a79356aaa482aa4ba500b65f28e5d0e63b801abf6aa152a29bd842a \
    --hash=sha256:b5f86c56eeb91dc3135b3fd8a95dc7ae14c538a2f3ad77a19645cf55bab1799c \
    --hash=sha256:b73d6d7f0ccdad7bc43e6d34273f70d587ef62f824d7261c4ae9b8b1b6af90e8 \
    --hash=sha256:bb89f0a835bcfc1d42ccd5f41f04870c1b936d8507c6df12b7737febc40f0909 \
    --hash=sha256:c3cc28a6fd5a4a26224007712e79b81dbaee2ffb90ff406256158ec4d7b52b47 \
    --hash=sha256:ce5ab4bf46a211a8e924d307c1b1fcda82368586a19d0a24f8ae166f5c784864 \
    --hash=sha256:d00924255d7fc916ef66e4bf22f354a940c67179ad3fd7067d7a0a9c84d2fbfc \
    --hash=sha256:d7cd730dfa7c36dbe8724426bf5612798734bff2d3c3857f36f2733f5bfc7c00 \
    --hash=sha256:e217ce4d37667df0bc1c397fdcd8de5e81018ef305aed9415c3b093faaeb10fb \
    --hash=sha256:e3923c1d9870c49a2d44f795df0c889a22380d36ef92440ff618ec315757e539 \
    --hash=sha256:e5720a5d25e3b99cd0dc5c8a440570469ff82659bb09431c1439b92caf184d3b \
    --hash=sha256:e8b58f0a96e7a1e341fc894f62c1177a7c83febebb5ff9123b579418fdc8a481 \
    --hash=sha256:e984839e75e0b60cfe75e351db53d6db750b00de45644c5d1f7ee5d1f34a1ce5 \
    --hash=sha256:eb09aa7f9cecb45027683bb55aebaaf45a0df8bf6de68801a6afdc7947bb09d4 \
    --hash=sha256:ec8a77f521a17506a24a5f626cb2aee7850f9b69a0afe704586f63a464f3cd64 \
    --hash=sha256:ecced182e935529727401b24d76634a357c71c9275b356efafd8a2a91ec07392 \
    --hash=sha256:ee0e8c683a7ff25d23b55b11161c2663d4b099770f6085ff0a20d4505778d6b4 \
    --hash=sha256:f0c2d907a1e102526dd2986df638343388b94c33860ff3bbe1384130828714b1 \
    --hash=sha256:f758ed67cab30b9a8d2833609513ce4d3bd027641673d4ebc9c067e4d208eec1 \
    --hash=sha256:f8157bed2f51db683f31306aa497311b560f2265998122abe1dce6428bd86567 \
    --hash=sha256:ffe8ed017e4ed70f68b7b371d84b7d4a790368db9203dfc2d222febd3a9c8863
    # via -r services/ocr/requirements.txt
python-dateutil==2.9.0.post0 \
    --hash=sha256:37dd54208da7e1cd875388217d5e00ebd4179249f90fb72437e91a35459a0ad3 \
    --hash=sha256:a8b2bc7bffae282281c8140a97d3aa9c14da0b136dfe83f850eea9a5f7470427
    # via botocore
s3transfer==0.10.4 \
    --hash=sha256:244a76a24355363a68164241438de1b72f8781664920260c48465896b712a41e \
    --hash=sha256:29edc09801743c21eb5ecbc617a152df41d3c287f67b615f73e5f750583666a7
    # via boto3
six==1.17.0 \
    --hash=sha256:4721f391ed90541fddacab5acf947aa0d3dc7d27b2e1e8eda2be8970586c3274 \
    --hash=sha256:ff70335d468e7eb6ec65b95b99d3a2836546063f63acc5171de367e834932a81
    # via python-dateutil
urllib3==2.8.0 \
    --hash=sha256:0cf3cae568d36aa9576b28dfb35f11328f1cb974ca7647d9475ebb86c75ac6e3 \
    --hash=sha256:63bf2ead4c879426ebf22ef2a781eeb4aa3b4ae798a0435506f8687fd5bb9b63
    # via botocore
